// !$*UTF8*$!
{
	archiveVersion = 1;
	classes = {
	};
	objectVersion = 46;
	objects = {

/* Begin PBXBuildFile section */
		696134991A1F21CD00BA5F74 /* main.m in Sources */ = {isa = PBXBuildFile; fileRef = 696134981A1F21CD00BA5F74 /* main.m */; };
		6961349C1A1F21CD00BA5F74 /* AppDelegate.m in Sources */ = {isa = PBXBuildFile; fileRef = 6961349B1A1F21CD00BA5F74 /* AppDelegate.m */; };
		6961349F1A1F21CD00BA5F74 /* ViewController.m in Sources */ = {isa = PBXBuildFile; fileRef = 6961349E1A1F21CD00BA5F74 /* ViewController.m */; };
		696134A21A1F21CD00BA5F74 /* Main.storyboard in Resources */ = {isa = PBXBuildFile; fileRef = 696134A01A1F21CD00BA5F74 /* Main.storyboard */; };
		696134A41A1F21CD00BA5F74 /* Images.xcassets in Resources */ = {isa = PBXBuildFile; fileRef = 696134A31A1F21CD00BA5F74 /* Images.xcassets */; };
		696134A71A1F21CD00BA5F74 /* LaunchScreen.xib in Resources */ = {isa = PBXBuildFile; fileRef = 696134A51A1F21CD00BA5F74 /* LaunchScreen.xib */; };
		696134B31A1F21CD00BA5F74 /* ImageInTextTests.m in Sources */ = {isa = PBXBuildFile; fileRef = 696134B21A1F21CD00BA5F74 /* ImageInTextTests.m */; };
		696134BD1A1F237700BA5F74 /* Photos_logo.png in Resources */ = {isa = PBXBuildFile; fileRef = 696134BC1A1F237700BA5F74 /* Photos_logo.png */; };
/* End PBXBuildFile section */

/* Begin PBXContainerItemProxy section */
		696134AD1A1F21CD00BA5F74 /* PBXContainerItemProxy */ = {
			isa = PBXContainerItemProxy;
			containerPortal = 6961348B1A1F21CD00BA5F74 /* Project object */;
			proxyType = 1;
			remoteGlobalIDString = 696134921A1F21CD00BA5F74;
			remoteInfo = ImageInText;
		};
/* End PBXContainerItemProxy section */

/* Begin PBXFileReference section */
		696134931A1F21CD00BA5F74 /* ImageInText.app */ = {isa = PBXFileReference; explicitFileType = wrapper.application; includeInIndex = 0; path = ImageInText.app; sourceTree = BUILT_PRODUCTS_DIR; };
		696134971A1F21CD00BA5F74 /* Info.plist */ = {isa = PBXFileReference; lastKnownFileType = text.plist.xml; path = Info.plist; sourceTree = "<group>"; };
		696134981A1F21CD00BA5F74 /* main.m */ = {isa = PBXFileReference; lastKnownFileType = sourcecode.c.objc; path = main.m; sourceTree = "<group>"; };
		6961349A1A1F21CD00BA5F74 /* AppDelegate.h */ = {isa = PBXFileReference; lastKnownFileType = sourcecode.c.h; path = AppDelegate.h; sourceTree = "<group>"; };
		6961349B1A1F21CD00BA5F74 /* AppDelegate.m */ = {isa = PBXFileReference; lastKnownFileType = sourcecode.c.objc; path = AppDelegate.m; sourceTree = "<group>"; };
		6961349D1A1F21CD00BA5F74 /* ViewController.h */ = {isa = PBXFileReference; lastKnownFileType = sourcecode.c.h; path = ViewController.h; sourceTree = "<group>"; };
		6961349E1A1F21CD00BA5F74 /* ViewController.m */ = {isa = PBXFileReference; lastKnownFileType = sourcecode.c.objc; path = ViewController.m; sourceTree = "<group>"; };
		696134A11A1F21CD00BA5F74 /* Base */ = {isa = PBXFileReference; lastKnownFileType = file.storyboard; name = Base; path = Base.lproj/Main.storyboard; sourceTree = "<group>"; };
		696134A31A1F21CD00BA5F74 /* Images.xcassets */ = {isa = PBXFileReference; lastKnownFileType = folder.assetcatalog; path = Images.xcassets; sourceTree = "<group>"; };
		696134A61A1F21CD00BA5F74 /* Base */ = {isa = PBXFileReference; lastKnownFileType = file.xib; name = Base; path = Base.lproj/LaunchScreen.xib; sourceTree = "<group>"; };
		696134AC1A1F21CD00BA5F74 /* ImageInTextTests.xctest */ = {isa = PBXFileReference; explicitFileType = wrapper.cfbundle; includeInIndex = 0; path = ImageInTextTests.xctest; sourceTree = BUILT_PRODUCTS_DIR; };
		696134B11A1F21CD00BA5F74 /* Info.plist */ = {isa = PBXFileReference; lastKnownFileType = text.plist.xml; path = Info.plist; sourceTree = "<group>"; };
		696134B21A1F21CD00BA5F74 /* ImageInTextTests.m */ = {isa = PBXFileReference; lastKnownFileType = sourcecode.c.objc; path = ImageInTextTests.m; sourceTree = "<group>"; };
		696134BC1A1F237700BA5F74 /* Photos_logo.png */ = {isa = PBXFileReference; lastKnownFileType = image.png; path = Photos_logo.png; sourceTree = "<group>"; };
/* End PBXFileReference section */

/* Begin PBXFrameworksBuildPhase section */
		696134901A1F21CD00BA5F74 /* Frameworks */ = {
			isa = PBXFrameworksBuildPhase;
			buildActionMask = 2147483647;
			files = (
			);
			runOnlyForDeploymentPostprocessing = 0;
		};
		696134A91A1F21CD00BA5F74 /* Frameworks */ = {
			isa = PBXFrameworksBuildPhase;
			buildActionMask = 2147483647;
			files = (
			);
			runOnlyForDeploymentPostprocessing = 0;
		};
/* End PBXFrameworksBuildPhase section */

/* Begin PBXGroup section */
		6961348A1A1F21CD00BA5F74 = {
			isa = PBXGroup;
			children = (
				696134951A1F21CD00BA5F74 /* ImageInText */,
				696134AF1A1F21CD00BA5F74 /* ImageInTextTests */,
				696134941A1F21CD00BA5F74 /* Products */,
			);
			sourceTree = "<group>";
		};
		696134941A1F21CD00BA5F74 /* Products */ = {
			isa = PBXGroup;
			children = (
				696134931A1F21CD00BA5F74 /* ImageInText.app */,
				696134AC1A1F21CD00BA5F74 /* ImageInTextTests.xctest */,
			);
			name = Products;
			sourceTree = "<group>";
		};
		696134951A1F21CD00BA5F74 /* ImageInText */ = {
			isa = PBXGroup;
			children = (
				6961349A1A1F21CD00BA5F74 /* AppDelegate.h */,
				6961349B1A1F21CD00BA5F74 /* AppDelegate.m */,
				6961349D1A1F21CD00BA5F74 /* ViewController.h */,
				6961349E1A1F21CD00BA5F74 /* ViewController.m */,
				696134A01A1F21CD00BA5F74 /* Main.storyboard */,
				696134BC1A1F237700BA5F74 /* Photos_logo.png */,
				696134A31A1F21CD00BA5F74 /* Images.xcassets */,
				696134A51A1F21CD00BA5F74 /* LaunchScreen.xib */,
				696134961A1F21CD00BA5F74 /* Supporting Files */,
			);
			path = ImageInText;
			sourceTree = "<group>";
		};
		696134961A1F21CD00BA5F74 /* Supporting Files */ = {
			isa = PBXGroup;
			children = (
				696134971A1F21CD00BA5F74 /* Info.plist */,
				696134981A1F21CD00BA5F74 /* main.m */,
			);
			name = "Supporting Files";
			sourceTree = "<group>";
		};
		696134AF1A1F21CD00BA5F74 /* ImageInTextTests */ = {
			isa = PBXGroup;
			children = (
				696134B21A1F21CD00BA5F74 /* ImageInTextTests.m */,
				696134B01A1F21CD00BA5F74 /* Supporting Files */,
			);
			path = ImageInTextTests;
			sourceTree = "<group>";
		};
		696134B01A1F21CD00BA5F74 /* Supporting Files */ = {
			isa = PBXGroup;
			children = (
				696134B11A1F21CD00BA5F74 /* Info.plist */,
			);
			name = "Supporting Files";
			sourceTree = "<group>";
		};
/* End PBXGroup section */

/* Begin PBXNativeTarget section */
		696134921A1F21CD00BA5F74 /* ImageInText */ = {
			isa = PBXNativeTarget;
			buildConfigurationList = 696134B61A1F21CD00BA5F74 /* Build configuration list for PBXNativeTarget "ImageInText" */;
			buildPhases = (
				6961348F1A1F21CD00BA5F74 /* Sources */,
				696134901A1F21CD00BA5F74 /* Frameworks */,
				696134911A1F21CD00BA5F74 /* Resources */,
			);
			buildRules = (
			);
			dependencies = (
			);
			name = ImageInText;
			productName = ImageInText;
			productReference = 696134931A1F21CD00BA5F74 /* ImageInText.app */;
			productType = "com.apple.product-type.application";
		};
		696134AB1A1F21CD00BA5F74 /* ImageInTextTests */ = {
			isa = PBXNativeTarget;
			buildConfigurationList = 696134B91A1F21CD00BA5F74 /* Build configuration list for PBXNativeTarget "ImageInTextTests" */;
			buildPhases = (
				696134A81A1F21CD00BA5F74 /* Sources */,
				696134A91A1F21CD00BA5F74 /* Frameworks */,
				696134AA1A1F21CD00BA5F74 /* Resources */,
			);
			buildRules = (
			);
			dependencies = (
				696134AE1A1F21CD00BA5F74 /* PBXTargetDependency */,
			);
			name = ImageInTextTests;
			productName = ImageInTextTests;
			productReference = 696134AC1A1F21CD00BA5F74 /* ImageInTextTests.xctest */;
			productType = "com.apple.product-type.bundle.unit-test";
		};
/* End PBXNativeTarget section */

/* Begin PBXProject section */
		6961348B1A1F21CD00BA5F74 /* Project object */ = {
			isa = PBXProject;
			attributes = {
				LastUpgradeCheck = 0600;
				ORGANIZATIONNAME = Sonora;
				TargetAttributes = {
					696134921A1F21CD00BA5F74 = {
						CreatedOnToolsVersion = 6.0.1;
					};
					696134AB1A1F21CD00BA5F74 = {
						CreatedOnToolsVersion = 6.0.1;
						TestTargetID = 696134921A1F21CD00BA5F74;
					};
				};
			};
			buildConfigurationList = 6961348E1A1F21CD00BA5F74 /* Build configuration list for PBXProject "ImageInText" */;
			compatibilityVersion = "Xcode 3.2";
			developmentRegion = English;
			hasScannedForEncodings = 0;
			knownRegions = (
				en,
				Base,
			);
			mainGroup = 6961348A1A1F21CD00BA5F74;
			productRefGroup = 696134941A1F21CD00BA5F74 /* Products */;
			projectDirPath = "";
			projectRoot = "";
			targets = (
				696134921A1F21CD00BA5F74 /* ImageInText */,
				696134AB1A1F21CD00BA5F74 /* ImageInTextTests */,
			);
		};
/* End PBXProject section */

/* Begin PBXResourcesBuildPhase section */
		696134911A1F21CD00BA5F74 /* Resources */ = {
			isa = PBXResourcesBuildPhase;
			buildActionMask = 2147483647;
			files = (
				696134A21A1F21CD00BA5F74 /* Main.storyboard in Resources */,
				696134A71A1F21CD00BA5F74 /* LaunchScreen.xib in Resources */,
				696134A41A1F21CD00BA5F74 /* Images.xcassets in Resources */,
				696134BD1A1F237700BA5F74 /* Photos_logo.png in Resources */,
			);
			runOnlyForDeploymentPostprocessing = 0;
		};
		696134AA1A1F21CD00BA5F74 /* Resources */ = {
			isa = PBXResourcesBuildPhase;
			buildActionMask = 2147483647;
			files = (
			);
			runOnlyForDeploymentPostprocessing = 0;
		};
/* End PBXResourcesBuildPhase section */

/* Begin PBXSourcesBuildPhase section */
		6961348F1A1F21CD00BA5F74 /* Sources */ = {
			isa = PBXSourcesBuildPhase;
			buildActionMask = 2147483647;
			files = (
				6961349F1A1F21CD00BA5F74 /* ViewController.m in Sources */,
				6961349C1A1F21CD00BA5F74 /* AppDelegate.m in Sources */,
				696134991A1F21CD00BA5F74 /* main.m in Sources */,
			);
			runOnlyForDeploymentPostprocessing = 0;
		};
		696134A81A1F21CD00BA5F74 /* Sources */ = {
			isa = PBXSourcesBuildPhase;
			buildActionMask = 2147483647;
			files = (
				696134B31A1F21CD00BA5F74 /* ImageInTextTests.m in Sources */,
			);
			runOnlyForDeploymentPostprocessing = 0;
		};
/* End PBXSourcesBuildPhase section */

/* Begin PBXTargetDependency section */
		696134AE1A1F21CD00BA5F74 /* PBXTargetDependency */ = {
			isa = PBXTargetDependency;
			target = 696134921A1F21CD00BA5F74 /* ImageInText */;
			targetProxy = 696134AD1A1F21CD00BA5F74 /* PBXContainerItemProxy */;
		};
/* End PBXTargetDependency section */

/* Begin PBXVariantGroup section */
		696134A01A1F21CD00BA5F74 /* Main.storyboard */ = {
			isa = PBXVariantGroup;
			children = (
				696134A11A1F21CD00BA5F74 /* Base */,
			);
			name = Main.storyboard;
			sourceTree = "<group>";
		};
		696134A51A1F21CD00BA5F74 /* LaunchScreen.xib */ = {
			isa = PBXVariantGroup;
			children = (
				696134A61A1F21CD00BA5F74 /* Base */,
			);
			name = LaunchScreen.xib;
			sourceTree = "<group>";
		};
/* End PBXVariantGroup section */

/* Begin XCBuildConfiguration section */
		696134B41A1F21CD00BA5F74 /* Debug */ = {
			isa = XCBuildConfiguration;
			buildSettings = {
				ALWAYS_SEARCH_USER_PATHS = NO;
				CLANG_CXX_LANGUAGE_STANDARD = "gnu++0x";
				CLANG_CXX_LIBRARY = "libc++";
				CLANG_ENABLE_MODULES = YES;
				CLANG_ENABLE_OBJC_ARC = YES;
				CLANG_WARN_BOOL_CONVERSION = YES;
				CLANG_WARN_CONSTANT_CONVERSION = YES;
				CLANG_WARN_DIRECT_OBJC_ISA_USAGE = YES_ERROR;
				CLANG_WARN_EMPTY_BODY = YES;
				CLANG_WARN_ENUM_CONVERSION = YES;
				CLANG_WARN_INT_CONVERSION = YES;
				CLANG_WARN_OBJC_ROOT_CLASS = YES_ERROR;
				CLANG_WARN_UNREACHABLE_CODE = YES;
				CLANG_WARN__DUPLICATE_METHOD_MATCH = YES;
				"CODE_SIGN_IDENTITY[sdk=iphoneos*]" = "iPhone Developer";
				COPY_PHASE_STRIP = NO;
				ENABLE_STRICT_OBJC_MSGSEND = YES;
				GCC_C_LANGUAGE_STANDARD = gnu99;
				GCC_DYNAMIC_NO_PIC = NO;
				GCC_OPTIMIZATION_LEVEL = 0;
				GCC_PREPROCESSOR_DEFINITIONS = (
					"DEBUG=1",
					"$(inherited)",
				);
				GCC_SYMBOLS_PRIVATE_EXTERN = NO;
				GCC_WARN_64_TO_32_BIT_CONVERSION = YES;
				GCC_WARN_ABOUT_RETURN_TYPE = YES_ERROR;
				GCC_WARN_UNDECLARED_SELECTOR = YES;
				GCC_WARN_UNINITIALIZED_AUTOS = YES_AGGRESSIVE;
				GCC_WARN_UNUSED_FUNCTION = YES;
				GCC_WARN_UNUSED_VARIABLE = YES;
				IPHONEOS_DEPLOYMENT_TARGET = 8.0;
				MTL_ENABLE_DEBUG_INFO = YES;
				ONLY_ACTIVE_ARCH = YES;
				SDKROOT = iphoneos;
			};
			name = Debug;
		};
		696134B51A1F21CD00BA5F74 /* Release */ = {
			isa = XCBuildConfiguration;
			buildSettings = {
				ALWAYS_SEARCH_USER_PATHS = NO;
				CLANG_CXX_LANGUAGE_STANDARD = "gnu++0x";
				CLANG_CXX_LIBRARY = "libc++";
				CLANG_ENABLE_MODULES = YES;
				CLANG_ENABLE_OBJC_ARC = YES;
				CLANG_WARN_BOOL_CONVERSION = YES;
				CLANG_WARN_CONSTANT_CONVERSION = YES;
				CLANG_WARN_DIRECT_OBJC_ISA_USAGE = YES_ERROR;
				CLANG_WARN_EMPTY_BODY = YES;
				CLANG_WARN_ENUM_CONVERSION = YES;
				CLANG_WARN_INT_CONVERSION = YES;
				CLANG_WARN_OBJC_ROOT_CLASS = YES_ERROR;
				CLANG_WARN_UNREACHABLE_CODE = YES;
				CLANG_WARN__DUPLICATE_METHOD_MATCH = YES;
				"CODE_SIGN_IDENTITY[sdk=iphoneos*]" = "iPhone Developer";
				COPY_PHASE_STRIP = YES;
				ENABLE_NS_ASSERTIONS = NO;
				ENABLE_STRICT_OBJC_MSGSEND = YES;
				GCC_C_LANGUAGE_STANDARD = gnu99;
				GCC_WARN_64_TO_32_BIT_CONVERSION = YES;
				GCC_WARN_ABOUT_RETURN_TYPE = YES_ERROR;
				GCC_WARN_UNDECLARED_SELECTOR = YES;
				GCC_WARN_UNINITIALIZED_AUTOS = YES_AGGRESSIVE;
				GCC_WARN_UNUSED_FUNCTION = YES;
				GCC_WARN_UNUSED_VARIABLE = YES;
				IPHONEOS_DEPLOYMENT_TARGET = 8.0;
				MTL_ENABLE_DEBUG_INFO = NO;
				SDKROOT = iphoneos;
				VALIDATE_PRODUCT = YES;
			};
			name = Release;
		};
		696134B71A1F21CD00BA5F74 /* Debug */ = {
			isa = XCBuildConfiguration;
			buildSettings = {
				ASSETCATALOG_COMPILER_APPICON_NAME = AppIcon;
				INFOPLIST_FILE = ImageInText/Info.plist;
				LD_RUNPATH_SEARCH_PATHS = "$(inherited) @executable_path/Frameworks";
				PRODUCT_NAME = "$(TARGET_NAME)";
			};
			name = Debug;
		};
		696134B81A1F21CD00BA5F74 /* Release */ = {
			isa = XCBuildConfiguration;
			buildSettings = {
				ASSETCATALOG_COMPILER_APPICON_NAME = AppIcon;
				INFOPLIST_FILE = ImageInText/Info.plist;
				LD_RUNPATH_SEARCH_PATHS = "$(inherited) @executable_path/Frameworks";
				PRODUCT_NAME = "$(TARGET_NAME)";
			};
			name = Release;
		};
		696134BA1A1F21CD00BA5F74 /* Debug */ = {
			isa = XCBuildConfiguration;
			buildSettings = {
				BUNDLE_LOADER = "$(TEST_HOST)";
				FRAMEWORK_SEARCH_PATHS = (
					"$(SDKROOT)/Developer/Library/Frameworks",
					"$(inherited)",
				);
				GCC_PREPROCESSOR_DEFINITIONS = (
					"DEBUG=1",
					"$(inherited)",
				);
				INFOPLIST_FILE = ImageInTextTests/Info.plist;
				LD_RUNPATH_SEARCH_PATHS = "$(inherited) @executable_path/Frameworks @loader_path/Frameworks";
				PRODUCT_NAME = "$(TARGET_NAME)";
				TEST_HOST = "$(BUILT_PRODUCTS_DIR)/ImageInText.app/ImageInText";
			};
			name = Debug;
		};
		696134BB1A1F21CD00BA5F74 /* Release */ = {
			isa = XCBuildConfiguration;
			buildSettings = {
				BUNDLE_LOADER = "$(TEST_HOST)";
				FRAMEWORK_SEARCH_PATHS = (
					"$(SDKROOT)/Developer/Library/Frameworks",
					"$(inherited)",
				);
				INFOPLIST_FILE = ImageInTextTests/Info.plist;
				LD_RUNPATH_SEARCH_PATHS = "$(inherited) @executable_path/Frameworks @loader_path/Frameworks";
				PRODUCT_NAME = "$(TARGET_NAME)";
				TEST_HOST = "$(BUILT_PRODUCTS_DIR)/ImageInText.app/ImageInText";
			};
			name = Release;
		};
/* End XCBuildConfiguration section */

/* Begin XCConfigurationList section */
		6961348E1A1F21CD00BA5F74 /* Build configuration list for PBXProject "ImageInText" */ = {
			isa = XCConfigurationList;
			buildConfigurations = (
				696134B41A1F21CD00BA5F74 /* Debug */,
				696134B51A1F21CD00BA5F74 /* Release */,
			);
			defaultConfigurationIsVisible = 0;
			defaultConfigurationName = Release;
		};
		696134B61A1F21CD00BA5F74 /* Build configuration list for PBXNativeTarget "ImageInText" */ = {
			isa = XCConfigurationList;
			buildConfigurations = (
				696134B71A1F21CD00BA5F74 /* Debug */,
				696134B81A1F21CD00BA5F74 /* Release */,
			);
			defaultConfigurationIsVisible = 0;
		};
		696134B91A1F21CD00BA5F74 /* Build configuration list for PBXNativeTarget "ImageInTextTests" */ = {
			isa = XCConfigurationList;
			buildConfigurations = (
				696134BA1A1F21CD00BA5F74 /* Debug */,
				696134BB1A1F21CD00BA5F74 /* Release */,
			);
			defaultConfigurationIsVisible = 0;
		};
/* End XCConfigurationList section */
	};
	rootObject = 6961348B1A1F21CD00BA5F74 /* Project object */;
}
